PODS:
  - AFNetworking (2.2.4):
    - AFNetworking/NSURLConnection (= 2.2.4)
    - AFNetworking/NSURLSession (= 2.2.4)
    - AFNetworking/Reachability (= 2.2.4)
    - AFNetworking/Security (= 2.2.4)
    - AFNetworking/Serialization (= 2.2.4)
    - AFNetworking/UIKit (= 2.2.4)
  - AFNetworking/NSURLConnection (2.2.4):
    - AFNetworking/Reachability
    - AFNetworking/Security
    - AFNetworking/Serialization
  - AFNetworking/NSURLSession (2.2.4):
    - AFNetworking/NSURLConnection
  - AFNetworking/Reachability (2.2.4)
  - AFNetworking/Security (2.2.4)
  - AFNetworking/Serialization (2.2.4)
  - AFNetworking/UIKit (2.2.4):
    - AFNetworking/NSURLConnection
    - AFNetworking/NSURLSession
  - Alamofire (3.1.5)
  - AlamofireObjectMapper (2.1.0):
    - Alamofire (~> 3.1.0)
    - ObjectMapper (~> 1.0)
  - AWSCognito (2.3.4):
    - AWSCore (= 2.3.4)
  - AWSCore (2.3.4)
  - AWSS3 (2.3.4):
    - AWSCore (= 2.3.4)
  - Bolts (1.6.0):
    - Bolts/AppLinks (= 1.6.0)
    - Bolts/Tasks (= 1.6.0)
  - Bolts/AppLinks (1.6.0):
    - Bolts/Tasks
  - Bolts/Tasks (1.6.0)
  - Crashlytics (3.6.0):
    - Fabric (~> 1.6.3)
  - CryptoSwift (0.2.3)
  - DACircularProgress (2.3.1)
  - DAProgressOverlayView (1.0.2)
  - DWTagList (0.0.7)
  - Fabric (1.6.5)
  - FBSDKCoreKit (4.10.0):
    - Bolts (~> 1.5)
  - FBSDKLoginKit (4.10.0):
    - FBSDKCoreKit
  - FBSDKShareKit (4.10.0):
    - FBSDKCoreKit
  - Freddy (2.0.2)
  - FTGooglePlacesAPI (1.1):
    - AFNetworking (~> 2.2.0)
  - Genome (2.0.4):
    - PureJsonSerializer (~> 1.0.0)
  - GoogleMaps (1.11.1)
  - HanekeSwift (0.10.1)
  - JSQMessagesViewController (7.2.0):
    - JSQSystemSoundPlayer (~> 2.0.1)
  - JSQSystemSoundPlayer (2.0.1)
  - KeychainAccess (2.3.3)
  - Kingfisher (1.9.3)
  - libPusher (1.6.1):
    - libPusher/Core (= 1.6.1)
  - libPusher/Core (1.6.1):
    - SocketRocket (= 0.4.1)
  - Material (1.31.1)
  - MBProgressHUD (0.9.2)
  - Mixpanel (2.9.3):
    - Mixpanel/Mixpanel (= 2.9.3)
  - Mixpanel/Mixpanel (2.9.3)
  - MWPhotoBrowser (2.1.1):
    - DACircularProgress (~> 2.3)
    - MBProgressHUD (~> 0.9)
    - SDWebImage (!= 3.7.2, ~> 3.7)
  - MZAppearance (1.1.6)
  - MZFormSheetPresentationController (2.2.1):
    - MZAppearance
  - Nimble (3.0.0)
  - ObjectMapper (1.1.2)
  - PureJsonSerializer (1.0.2)
  - Quick (0.8.0)
  - ReachabilitySwift (2.3.3)
  - ResponsiveLabel (1.0.10)
  - RxCocoa (2.1.0):
    - RxSwift (~> 2.0)
  - RxSwift (2.1.0)
  - SDWebImage (3.7.5):
    - SDWebImage/Core (= 3.7.5)
  - SDWebImage/Core (3.7.5)
  - SMCalloutView (2.1.5)
  - SocketRocket (0.4.1)
  - SVProgressHUD (1.1.3)
  - SVPullToRefresh (0.4.1)
  - URBMediaFocusViewController (0.5.8)
  - Validator (1.1)
  - XCGLogger (3.2)

DEPENDENCIES:
  - Alamofire (~> 3.1.0)
  - AlamofireObjectMapper (~> 2.1)
  - AWSCognito (~> 2.3)
  - AWSS3 (~> 2.3)
  - Crashlytics (~> 3.6)
  - CryptoSwift
  - DAProgressOverlayView (~> 1.0)
  - DWTagList (~> 0.0)
  - Fabric (~> 1.6)
  - FBSDKCoreKit (~> 4.7)
  - FBSDKLoginKit (~> 4.7)
  - FBSDKShareKit (~> 4.8)
  - Freddy
  - FTGooglePlacesAPI
  - Genome (~> 2.0)
  - GoogleMaps (~> 1.10)
  - HanekeSwift (~> 0.10)
  - JSQMessagesViewController (~> 7.2)
  - KeychainAccess (~> 2.3)
  - Kingfisher (~> 1.8)
  - libPusher (~> 1.6)
  - Material (~> 1.29)
  - MBProgressHUD (~> 0.9.1)
  - Mixpanel (~> 2.9)
  - MWPhotoBrowser (~> 2.1)
  - MZFormSheetPresentationController (~> 2.2)
  - Nimble (= 3.0.0)
  - ObjectMapper (~> 1.1)
  - Quick (~> 0.8.0)
  - ReachabilitySwift (~> 2.3)
  - ResponsiveLabel (~> 1.0)
  - RxCocoa (~> 2.1)
  - RxSwift (~> 2.1)
  - SDWebImage (~> 3.7)
  - SMCalloutView (~> 2.1)
  - SVProgressHUD
  - SVPullToRefresh (~> 0.4)
  - URBMediaFocusViewController (~> 0.5)
  - Validator (~> 1.1)
  - XCGLogger (~> 3.0)

SPEC CHECKSUMS:
  AFNetworking: caca0799b310f0c3bf1fc1af45145fc96972bcab
  Alamofire: 5f730ba29fd113b7ddd71c1e65d0c630acf5d7b0
  AlamofireObjectMapper: 24097576202064f8b0a583452dd934064f78dc0e
  AWSCognito: 8ea24f9261967a108131106585c832ab48f12540
  AWSCore: 926eb781459b58d4319b0fa4f5f3bffb6b28b112
  AWSS3: f49fde807d6cfc373f1bdb8150c9770d470ca2fd
  Bolts: f52a250053bb517ca874523c3913776359ab3def
  Crashlytics: e4e8d02914f2608fbc7bf42b1a7af838b0db67a2
  CryptoSwift: b2bf37b8e7cc6d682ef3365cb966bc5ae5174aa5
  DACircularProgress: 4dd437c0fc3da5161cb289e07ac449493d41db71
  DAProgressOverlayView: 08bbeaab98a0604fddb77672f100e8389472cec2
  DWTagList: cdf3607a7c37850a0c437d63c981f643dc5904bb
  Fabric: 338ffd3c2afcab120638907b4251189de9ad17b3
  FBSDKCoreKit: 13bec8373fb3af94d44daf2aa1e0958687897fbd
  FBSDKLoginKit: d3d4a2e9d31954deb00bfea964167a05ca1ea976
  FBSDKShareKit: 54587b4624706ace1e810cf83412a918141f807a
  Freddy: e53713b8d5be02dbf5f4132c44d899d99eb09a6b
  FTGooglePlacesAPI: 72eaa924ed03039b0323d617305103b504c5cd4f
  Genome: ee22f71d87eefac0f622f77e75d1fef7f7fa12e7
  GoogleMaps: c947160008f414c66707a5ea60f35e92055c7670
  HanekeSwift: 08e47d3d0f2899ec58e5d257beba0de619aca9e8
  JSQMessagesViewController: 73cab48aa92fc2d512f3b6724f3425cc47a19eb5
  JSQSystemSoundPlayer: c5850e77a4363ffd374cd851154b9af93264ed8d
  KeychainAccess: 9b7e49e48277e329b1b3195e54697ed313d30acf
  Kingfisher: 9e37d2a78a082dc123bfe8a16de65de85518daae
  libPusher: 5ea58aeb83fa4ac1f5d8ef8543b1def6ace997b8
  Material: 482520d78d73fa935fd57d2a62a095655e0bb7f0
  MBProgressHUD: 1569cf7ace17a8bac47aabfbb8580a49690386d1
  Mixpanel: b9ff1c5d41fc07037d4b813bf2799c050ee3e49b
  MWPhotoBrowser: ba0d0c09ffda3a7ea10093518738c502c1c7141c
  MZAppearance: 0c06d3fa9cc55142f1da14bc8631fbe8fd6e19d5
  MZFormSheetPresentationController: 97b4ea7a52a8bd451ac93c1a1c6b5095e2326d1c
  Nimble: 4c353d43735b38b545cbb4cb91504588eb5de926
  ObjectMapper: 148765647481443b1a18983b4ac8ec3189cbce35
  PureJsonSerializer: 81d6bc0e21ed4b837193279aa3d29981f75f9057
  Quick: 563d0f6ec5f72e394645adb377708639b7dd38ab
  ReachabilitySwift: e0f6b6f280effb47731acfaaa2d5ffe223703793
  ResponsiveLabel: ea3686fda5fe6b99ec5c896d86a64727bd946f0f
  RxCocoa: 79b5feb8378545336e756a0a33fcf5e95050b71c
  RxSwift: 110fb07f81c17c2c3b3254d168363057b1880d18
  SDWebImage: 69c6303e3348fba97e03f65d65d4fbc26740f461
  SMCalloutView: 5c0ee363dc8e7204b2fda17dfad38c93e9e23481
  SocketRocket: ee0b5c34182d37bb4f1f8d628bbe737718126daa
  SVProgressHUD: 748080e4f36e603f6c02aec292664239df5279c1
  SVPullToRefresh: ba2e718695a43253d8bea6852d2960097dc15d8c
  URBMediaFocusViewController: 21618bda6290f74b2767059e983f3a7f4f3e8cd1
  Validator: 30b7e50f1f82b0e5b2dd14f54fc2f2533e70e5d6
  XCGLogger: da1f341f4bb8979db6e1df64232f04d9698402d4

COCOAPODS: 0.39.0
